
Microsoft Visual Studio Solution File, Format Version 12.00
# Visual Studio Version 17
VisualStudioVersion = 17.0.31903.59
MinimumVisualStudioVersion = 10.0.40219.1
Project("{2150E333-8FDC-42A3-9474-1A3956D46DE8}") = "src", "src", "{827E0CD3-B72D-47B6-A68D-7590B98EB39B}"
EndProject
Project("{FAE04EC0-301F-11D3-BF4B-00C04F79EFBC}") = "GiftLists.Domain", "src\GiftLists.Domain\GiftLists.Domain.csproj", "{7D168A8A-763B-4E50-BE13-818C88818723}"
EndProject
Project("{FAE04EC0-301F-11D3-BF4B-00C04F79EFBC}") = "GiftLists.Contracts", "src\GiftLists.Contracts\GiftLists.Contracts.csproj", "{95131945-2A49-4F2C-BD07-25678A1B5E06}"
EndProject
Project("{FAE04EC0-301F-11D3-BF4B-00C04F79EFBC}") = "GiftLists.Application", "src\GiftLists.Application\GiftLists.Application.csproj", "{E1576BAD-EEA4-4870-A438-47844242657B}"
EndProject
Project("{FAE04EC0-301F-11D3-BF4B-00C04F79EFBC}") = "GiftLists.Infrastructure", "src\GiftLists.Infrastructure\GiftLists.Infrastructure.csproj", "{FE7E31C3-5F5A-4FBC-A866-714B93D949B6}"
EndProject
Project("{FAE04EC0-301F-11D3-BF4B-00C04F79EFBC}") = "GiftLists.Host", "src\GiftLists.Host\GiftLists.Host.csproj", "{01C0CE8E-B2F1-46AA-BB8A-5EAA3311CD94}"
EndProject
Project("{2150E333-8FDC-42A3-9474-1A3956D46DE8}") = "tests", "tests", "{0AB3BF05-4346-4AA6-1389-037BE0695223}"
EndProject
Project("{FAE04EC0-301F-11D3-BF4B-00C04F79EFBC}") = "GiftLists.IntegrationTests", "tests\GiftLists.IntegrationTests\GiftLists.IntegrationTests.csproj", "{28FE146A-422B-4EF3-B762-C9CFDA4168BD}"
EndProject
Project("{FAE04EC0-301F-11D3-BF4B-00C04F79EFBC}") = "GiftLists.UnitTests", "tests\GiftLists.UnitTests\GiftLists.UnitTests.csproj", "{BF4DA109-A802-4960-ABED-54F318F153BF}"
EndProject
Global
	GlobalSection(SolutionConfigurationPlatforms) = preSolution
		Debug|Any CPU = Debug|Any CPU
		Debug|x64 = Debug|x64
		Debug|x86 = Debug|x86
		Release|Any CPU = Release|Any CPU
		Release|x64 = Release|x64
		Release|x86 = Release|x86
	EndGlobalSection
	GlobalSection(ProjectConfigurationPlatforms) = postSolution
		{7D168A8A-763B-4E50-BE13-818C88818723}.Debug|Any CPU.ActiveCfg = Debug|Any CPU
		{7D168A8A-763B-4E50-BE13-818C88818723}.Debug|Any CPU.Build.0 = Debug|Any CPU
		{7D168A8A-763B-4E50-BE13-818C88818723}.Debug|x64.ActiveCfg = Debug|Any CPU
		{7D168A8A-763B-4E50-BE13-818C88818723}.Debug|x64.Build.0 = Debug|Any CPU
		{7D168A8A-763B-4E50-BE13-818C88818723}.Debug|x86.ActiveCfg = Debug|Any CPU
		{7D168A8A-763B-4E50-BE13-818C88818723}.Debug|x86.Build.0 = Debug|Any CPU
		{7D168A8A-763B-4E50-BE13-818C88818723}.Release|Any CPU.ActiveCfg = Release|Any CPU
		{7D168A8A-763B-4E50-BE13-818C88818723}.Release|Any CPU.Build.0 = Release|Any CPU
		{7D168A8A-763B-4E50-BE13-818C88818723}.Release|x64.ActiveCfg = Release|Any CPU
		{7D168A8A-763B-4E50-BE13-818C88818723}.Release|x64.Build.0 = Release|Any CPU
		{7D168A8A-763B-4E50-BE13-818C88818723}.Release|x86.ActiveCfg = Release|Any CPU
		{7D168A8A-763B-4E50-BE13-818C88818723}.Release|x86.Build.0 = Release|Any CPU
		{95131945-2A49-4F2C-BD07-25678A1B5E06}.Debug|Any CPU.ActiveCfg = Debug|Any CPU
		{95131945-2A49-4F2C-BD07-25678A1B5E06}.Debug|Any CPU.Build.0 = Debug|Any CPU
		{95131945-2A49-4F2C-BD07-25678A1B5E06}.Debug|x64.ActiveCfg = Debug|Any CPU
		{95131945-2A49-4F2C-BD07-25678A1B5E06}.Debug|x64.Build.0 = Debug|Any CPU
		{95131945-2A49-4F2C-BD07-25678A1B5E06}.Debug|x86.ActiveCfg = Debug|Any CPU
		{95131945-2A49-4F2C-BD07-25678A1B5E06}.Debug|x86.Build.0 = Debug|Any CPU
		{95131945-2A49-4F2C-BD07-25678A1B5E06}.Release|Any CPU.ActiveCfg = Release|Any CPU
		{95131945-2A49-4F2C-BD07-25678A1B5E06}.Release|Any CPU.Build.0 = Release|Any CPU
		{95131945-2A49-4F2C-BD07-25678A1B5E06}.Release|x64.ActiveCfg = Release|Any CPU
		{95131945-2A49-4F2C-BD07-25678A1B5E06}.Release|x64.Build.0 = Release|Any CPU
		{95131945-2A49-4F2C-BD07-25678A1B5E06}.Release|x86.ActiveCfg = Release|Any CPU
		{95131945-2A49-4F2C-BD07-25678A1B5E06}.Release|x86.Build.0 = Release|Any CPU
		{E1576BAD-EEA4-4870-A438-47844242657B}.Debug|Any CPU.ActiveCfg = Debug|Any CPU
		{E1576BAD-EEA4-4870-A438-47844242657B}.Debug|Any CPU.Build.0 = Debug|Any CPU
		{E1576BAD-EEA4-4870-A438-47844242657B}.Debug|x64.ActiveCfg = Debug|Any CPU
		{E1576BAD-EEA4-4870-A438-47844242657B}.Debug|x64.Build.0 = Debug|Any CPU
		{E1576BAD-EEA4-4870-A438-47844242657B}.Debug|x86.ActiveCfg = Debug|Any CPU
		{E1576BAD-EEA4-4870-A438-47844242657B}.Debug|x86.Build.0 = Debug|Any CPU
		{E1576BAD-EEA4-4870-A438-47844242657B}.Release|Any CPU.ActiveCfg = Release|Any CPU
		{E1576BAD-EEA4-4870-A438-47844242657B}.Release|Any CPU.Build.0 = Release|Any CPU
		{E1576BAD-EEA4-4870-A438-47844242657B}.Release|x64.ActiveCfg = Release|Any CPU
		{E1576BAD-EEA4-4870-A438-47844242657B}.Release|x64.Build.0 = Release|Any CPU
		{E1576BAD-EEA4-4870-A438-47844242657B}.Release|x86.ActiveCfg = Release|Any CPU
		{E1576BAD-EEA4-4870-A438-47844242657B}.Release|x86.Build.0 = Release|Any CPU
		{FE7E31C3-5F5A-4FBC-A866-714B93D949B6}.Debug|Any CPU.ActiveCfg = Debug|Any CPU
		{FE7E31C3-5F5A-4FBC-A866-714B93D949B6}.Debug|Any CPU.Build.0 = Debug|Any CPU
		{FE7E31C3-5F5A-4FBC-A866-714B93D949B6}.Debug|x64.ActiveCfg = Debug|Any CPU
		{FE7E31C3-5F5A-4FBC-A866-714B93D949B6}.Debug|x64.Build.0 = Debug|Any CPU
		{FE7E31C3-5F5A-4FBC-A866-714B93D949B6}.Debug|x86.ActiveCfg = Debug|Any CPU
		{FE7E31C3-5F5A-4FBC-A866-714B93D949B6}.Debug|x86.Build.0 = Debug|Any CPU
		{FE7E31C3-5F5A-4FBC-A866-714B93D949B6}.Release|Any CPU.ActiveCfg = Release|Any CPU
		{FE7E31C3-5F5A-4FBC-A866-714B93D949B6}.Release|Any CPU.Build.0 = Release|Any CPU
		{FE7E31C3-5F5A-4FBC-A866-714B93D949B6}.Release|x64.ActiveCfg = Release|Any CPU
		{FE7E31C3-5F5A-4FBC-A866-714B93D949B6}.Release|x64.Build.0 = Release|Any CPU
		{FE7E31C3-5F5A-4FBC-A866-714B93D949B6}.Release|x86.ActiveCfg = Release|Any CPU
		{FE7E31C3-5F5A-4FBC-A866-714B93D949B6}.Release|x86.Build.0 = Release|Any CPU
		{01C0CE8E-B2F1-46AA-BB8A-5EAA3311CD94}.Debug|Any CPU.ActiveCfg = Debug|Any CPU
		{01C0CE8E-B2F1-46AA-BB8A-5EAA3311CD94}.Debug|Any CPU.Build.0 = Debug|Any CPU
		{01C0CE8E-B2F1-46AA-BB8A-5EAA3311CD94}.Debug|x64.ActiveCfg = Debug|Any CPU
		{01C0CE8E-B2F1-46AA-BB8A-5EAA3311CD94}.Debug|x64.Build.0 = Debug|Any CPU
		{01C0CE8E-B2F1-46AA-BB8A-5EAA3311CD94}.Debug|x86.ActiveCfg = Debug|Any CPU
		{01C0CE8E-B2F1-46AA-BB8A-5EAA3311CD94}.Debug|x86.Build.0 = Debug|Any CPU
		{01C0CE8E-B2F1-46AA-BB8A-5EAA3311CD94}.Release|Any CPU.ActiveCfg = Release|Any CPU
		{01C0CE8E-B2F1-46AA-BB8A-5EAA3311CD94}.Release|Any CPU.Build.0 = Release|Any CPU
		{01C0CE8E-B2F1-46AA-BB8A-5EAA3311CD94}.Release|x64.ActiveCfg = Release|Any CPU
		{01C0CE8E-B2F1-46AA-BB8A-5EAA3311CD94}.Release|x64.Build.0 = Release|Any CPU
		{01C0CE8E-B2F1-46AA-BB8A-5EAA3311CD94}.Release|x86.ActiveCfg = Release|Any CPU
		{01C0CE8E-B2F1-46AA-BB8A-5EAA3311CD94}.Release|x86.Build.0 = Release|Any CPU
		{28FE146A-422B-4EF3-B762-C9CFDA4168BD}.Debug|Any CPU.ActiveCfg = Debug|Any CPU
		{28FE146A-422B-4EF3-B762-C9CFDA4168BD}.Debug|Any CPU.Build.0 = Debug|Any CPU
		{28FE146A-422B-4EF3-B762-C9CFDA4168BD}.Debug|x64.ActiveCfg = Debug|Any CPU
		{28FE146A-422B-4EF3-B762-C9CFDA4168BD}.Debug|x64.Build.0 = Debug|Any CPU
		{28FE146A-422B-4EF3-B762-C9CFDA4168BD}.Debug|x86.ActiveCfg = Debug|Any CPU
		{28FE146A-422B-4EF3-B762-C9CFDA4168BD}.Debug|x86.Build.0 = Debug|Any CPU
		{28FE146A-422B-4EF3-B762-C9CFDA4168BD}.Release|Any CPU.ActiveCfg = Release|Any CPU
		{28FE146A-422B-4EF3-B762-C9CFDA4168BD}.Release|Any CPU.Build.0 = Release|Any CPU
		{28FE146A-422B-4EF3-B762-C9CFDA4168BD}.Release|x64.ActiveCfg = Release|Any CPU
		{28FE146A-422B-4EF3-B762-C9CFDA4168BD}.Release|x64.Build.0 = Release|Any CPU
		{28FE146A-422B-4EF3-B762-C9CFDA4168BD}.Release|x86.ActiveCfg = Release|Any CPU
		{28FE146A-422B-4EF3-B762-C9CFDA4168BD}.Release|x86.Build.0 = Release|Any CPU
		{BF4DA109-A802-4960-ABED-54F318F153BF}.Debug|Any CPU.ActiveCfg = Debug|Any CPU
		{BF4DA109-A802-4960-ABED-54F318F153BF}.Debug|Any CPU.Build.0 = Debug|Any CPU
		{BF4DA109-A802-4960-ABED-54F318F153BF}.Debug|x64.ActiveCfg = Debug|Any CPU
		{BF4DA109-A802-4960-ABED-54F318F153BF}.Debug|x64.Build.0 = Debug|Any CPU
		{BF4DA109-A802-4960-ABED-54F318F153BF}.Debug|x86.ActiveCfg = Debug|Any CPU
		{BF4DA109-A802-4960-ABED-54F318F153BF}.Debug|x86.Build.0 = Debug|Any CPU
		{BF4DA109-A802-4960-ABED-54F318F153BF}.Release|Any CPU.ActiveCfg = Release|Any CPU
		{BF4DA109-A802-4960-ABED-54F318F153BF}.Release|Any CPU.Build.0 = Release|Any CPU
		{BF4DA109-A802-4960-ABED-54F318F153BF}.Release|x64.ActiveCfg = Release|Any CPU
		{BF4DA109-A802-4960-ABED-54F318F153BF}.Release|x64.Build.0 = Release|Any CPU
		{BF4DA109-A802-4960-ABED-54F318F153BF}.Release|x86.ActiveCfg = Release|Any CPU
		{BF4DA109-A802-4960-ABED-54F318F153BF}.Release|x86.Build.0 = Release|Any CPU
	EndGlobalSection
	GlobalSection(SolutionProperties) = preSolution
		HideSolutionNode = FALSE
	EndGlobalSection
	GlobalSection(NestedProjects) = preSolution
		{7D168A8A-763B-4E50-BE13-818C88818723} = {827E0CD3-B72D-47B6-A68D-7590B98EB39B}
		{95131945-2A49-4F2C-BD07-25678A1B5E06} = {827E0CD3-B72D-47B6-A68D-7590B98EB39B}
		{E1576BAD-EEA4-4870-A438-47844242657B} = {827E0CD3-B72D-47B6-A68D-7590B98EB39B}
		{FE7E31C3-5F5A-4FBC-A866-714B93D949B6} = {827E0CD3-B72D-47B6-A68D-7590B98EB39B}
		{01C0CE8E-B2F1-46AA-BB8A-5EAA3311CD94} = {827E0CD3-B72D-47B6-A68D-7590B98EB39B}
		{28FE146A-422B-4EF3-B762-C9CFDA4168BD} = {0AB3BF05-4346-4AA6-1389-037BE0695223}
		{BF4DA109-A802-4960-ABED-54F318F153BF} = {0AB3BF05-4346-4AA6-1389-037BE0695223}
	EndGlobalSection
EndGlobal
